# THIS IS AN AUTOGENERATED FILE. DO NOT EDIT THIS FILE DIRECTLY.
# yarn lockfile v1


"@types/node@^10.12.24":
  version "10.12.25"
  resolved "https://registry.yarnpkg.com/@types/node/-/node-10.12.25.tgz#0d01a7dd6127de60d861ece4a650963042abb538"

fast-diff@^1.2.0:
  version "1.2.0"
  resolved "https://registry.yarnpkg.com/fast-diff/-/fast-diff-1.2.0.tgz#73ee11982d86caaf7959828d519cfe927fac5f03"

pastaa@^0.0.5:
  version "0.0.5"
  resolved "https://registry.yarnpkg.com/pastaa/-/pastaa-0.0.5.tgz#97564dc79cd93dda7e9bff581662b08e5a24ca72"
  dependencies:
    fast-diff "^1.2.0"
