# THIS IS AN AUTOGENERATED FILE. DO NOT EDIT THIS FILE DIRECTLY.
# yarn lockfile v1


"@types/node@^10.12.24":
  "integrity" "sha512-V8wj+w2YMNvGuhgl/MA5fmTxgjmVHVoasfIaxMMZJV6Y8Kk+Ydpi1z2whoShDCJ2BuNVoqH/h1hrygnBxkrw/Q=="
  "resolved" "https://registry.npmjs.org/@types/node/-/node-10.14.10.tgz"
  "version" "10.14.10"

"fast-diff@1.2.0":
  "integrity" "sha512-xJuoT5+L99XlZ8twedaRf6Ax2TgQVxvgZOYoPKqZufmJib0tL2tegPBOZb1pVNgIhlqDlA0eO0c3wBvQcmzx4w=="
  "resolved" "https://registry.npmjs.org/fast-diff/-/fast-diff-1.2.0.tgz"
  "version" "1.2.0"

"pastaa@^0.0.5":
  "integrity" "sha512-xyrL5Oc/ig0A5EB9M1yGTxyfISZXJkxMM7G56jJHJ2eSk5EWEFZeiHIdKulZNWIam2Pc8i/Aq99pyejmktGltw=="
  "resolved" "https://registry.npmjs.org/pastaa/-/pastaa-0.0.5.tgz"
  "version" "0.0.5"
  dependencies:
    "fast-diff" "1.2.0"
